
Microsoft Visual Studio Solution File, Format Version 12.00
# Visual Studio Version 17
VisualStudioVersion = 17.10.34607.79
MinimumVisualStudioVersion = 10.0.40219.1
Project("{FAE04EC0-301F-11D3-BF4B-00C04F79EFBC}") = "GDExtensionSharp", "GDExtensionSharp\GDExtensionSharp.csproj", "{12809320-A73B-44D4-8399-323A896A4AC4}"
EndProject
Project("{FAE04EC0-301F-11D3-BF4B-00C04F79EFBC}") = "TestProject", "TestProject\TestProject.csproj", "{6F8F0E2E-F39F-45CF-B5DA-5E1942C1BCF2}"
EndProject
Global
	GlobalSection(SolutionConfigurationPlatforms) = preSolution
		Debug|Any CPU = Debug|Any CPU
		Release|Any CPU = Release|Any CPU
	EndGlobalSection
	GlobalSection(ProjectConfigurationPlatforms) = postSolution
		{12809320-A73B-44D4-8399-323A896A4AC4}.Debug|Any CPU.ActiveCfg = Debug|Any CPU
		{12809320-A73B-44D4-8399-323A896A4AC4}.Debug|Any CPU.Build.0 = Debug|Any CPU
		{12809320-A73B-44D4-8399-323A896A4AC4}.Release|Any CPU.ActiveCfg = Release|Any CPU
		{12809320-A73B-44D4-8399-323A896A4AC4}.Release|Any CPU.Build.0 = Release|Any CPU
		{6F8F0E2E-F39F-45CF-B5DA-5E1942C1BCF2}.Debug|Any CPU.ActiveCfg = Debug|Any CPU
		{6F8F0E2E-F39F-45CF-B5DA-5E1942C1BCF2}.Debug|Any CPU.Build.0 = Debug|Any CPU
		{6F8F0E2E-F39F-45CF-B5DA-5E1942C1BCF2}.Release|Any CPU.ActiveCfg = Release|Any CPU
		{6F8F0E2E-F39F-45CF-B5DA-5E1942C1BCF2}.Release|Any CPU.Build.0 = Release|Any CPU
	EndGlobalSection
	GlobalSection(SolutionProperties) = preSolution
		HideSolutionNode = FALSE
	EndGlobalSection
	GlobalSection(ExtensibilityGlobals) = postSolution
		SolutionGuid = {D7318A18-544B-46B6-8C3F-FF9C3EEE76CF}
	EndGlobalSection
EndGlobal
